// !$*UTF8*$!
{
	archiveVersion = 1;
	classes = {
	};
	objectVersion = 50;
	objects = {

/* Begin PBXBuildFile section */
		1498C2A80C1F2F4C55EA994E /* Pods_PeopleSocial.framework in Frameworks */ = {isa = PBXBuildFile; fileRef = A25AB869F2516183D45DD81F /* Pods_PeopleSocial.framework */; };
		AD2B1AB121F4B39800DE6246 /* FeedViewController.swift in Sources */ = {isa = PBXBuildFile; fileRef = AD2B1AAF21F4B39800DE6246 /* FeedViewController.swift */; };
		AD2B1AB221F4B39800DE6246 /* FeedViewController.xib in Resources */ = {isa = PBXBuildFile; fileRef = AD2B1AB021F4B39800DE6246 /* FeedViewController.xib */; };
		AD2B1AB521F4B73500DE6246 /* UserHeaderView.xib in Resources */ = {isa = PBXBuildFile; fileRef = AD2B1AB421F4B73500DE6246 /* UserHeaderView.xib */; };
		AD2B1AB721F4BDF100DE6246 /* UserHeaderView.swift in Sources */ = {isa = PBXBuildFile; fileRef = AD2B1AB621F4BDF100DE6246 /* UserHeaderView.swift */; };
		AD2F2F2421E52DD7003B4E85 /* TextField.swift in Sources */ = {isa = PBXBuildFile; fileRef = AD2F2F2321E52DD7003B4E85 /* TextField.swift */; };
		AD3370D021E23AE900EA3F96 /* CellHeaderProtocol.swift in Sources */ = {isa = PBXBuildFile; fileRef = AD3370CF21E23AE900EA3F96 /* CellHeaderProtocol.swift */; };
		AD3370D421E24A8100EA3F96 /* SegmentTableViewCell.swift in Sources */ = {isa = PBXBuildFile; fileRef = AD3370D221E24A8100EA3F96 /* SegmentTableViewCell.swift */; };
		AD3370D521E24A8100EA3F96 /* SegmentTableViewCell.xib in Resources */ = {isa = PBXBuildFile; fileRef = AD3370D321E24A8100EA3F96 /* SegmentTableViewCell.xib */; };
		AD3370D921E2594B00EA3F96 /* TextTableViewCell.swift in Sources */ = {isa = PBXBuildFile; fileRef = AD3370D721E2594B00EA3F96 /* TextTableViewCell.swift */; };
		AD3370DA21E2594B00EA3F96 /* TextTableViewCell.xib in Resources */ = {isa = PBXBuildFile; fileRef = AD3370D821E2594B00EA3F96 /* TextTableViewCell.xib */; };
		AD3370DE21E2651D00EA3F96 /* TextFieldTableViewCell.swift in Sources */ = {isa = PBXBuildFile; fileRef = AD3370DC21E2651D00EA3F96 /* TextFieldTableViewCell.swift */; };
		AD3370DF21E2651D00EA3F96 /* TextFieldTableViewCell.xib in Resources */ = {isa = PBXBuildFile; fileRef = AD3370DD21E2651D00EA3F96 /* TextFieldTableViewCell.xib */; };
		AD3370E321E2803000EA3F96 /* RegisterModel.swift in Sources */ = {isa = PBXBuildFile; fileRef = AD3370E221E2803000EA3F96 /* RegisterModel.swift */; };
		AD3370E521E2809200EA3F96 /* Sex.swift in Sources */ = {isa = PBXBuildFile; fileRef = AD3370E421E2809200EA3F96 /* Sex.swift */; };
		AD3370E721E286CC00EA3F96 /* Extention+UIViewController.swift in Sources */ = {isa = PBXBuildFile; fileRef = AD3370E621E286CC00EA3F96 /* Extention+UIViewController.swift */; };
		AD3370EA21E37EE300EA3F96 /* AuthManager.swift in Sources */ = {isa = PBXBuildFile; fileRef = AD3370E921E37EE300EA3F96 /* AuthManager.swift */; };
		AD3370ED21E3873400EA3F96 /* Utilites.swift in Sources */ = {isa = PBXBuildFile; fileRef = AD3370EC21E3873400EA3F96 /* Utilites.swift */; };
		AD3370EF21E4C42100EA3F96 /* CustomError.swift in Sources */ = {isa = PBXBuildFile; fileRef = AD3370EE21E4C42100EA3F96 /* CustomError.swift */; };
		AD3370F121E4C4C100EA3F96 /* Validator.swift in Sources */ = {isa = PBXBuildFile; fileRef = AD3370F021E4C4C100EA3F96 /* Validator.swift */; };
		AD3370F321E4C80100EA3F96 /* StorageManager.swift in Sources */ = {isa = PBXBuildFile; fileRef = AD3370F221E4C80100EA3F96 /* StorageManager.swift */; };
		AD3370F521E518DA00EA3F96 /* AuthResult.swift in Sources */ = {isa = PBXBuildFile; fileRef = AD3370F421E518DA00EA3F96 /* AuthResult.swift */; };
		AD4033AF21E226E700107713 /* HeaderTitleView.swift in Sources */ = {isa = PBXBuildFile; fileRef = AD4033AE21E226E700107713 /* HeaderTitleView.swift */; };
		AD4033B321E228BE00107713 /* HeaderTitleView.xib in Resources */ = {isa = PBXBuildFile; fileRef = AD4033B221E228BE00107713 /* HeaderTitleView.xib */; };
		ADF19D3B21DE4E85008B7455 /* AppDelegate.swift in Sources */ = {isa = PBXBuildFile; fileRef = ADF19D3A21DE4E85008B7455 /* AppDelegate.swift */; };
		ADF19D3D21DE4E85008B7455 /* ViewController.swift in Sources */ = {isa = PBXBuildFile; fileRef = ADF19D3C21DE4E85008B7455 /* ViewController.swift */; };
		ADF19D4221DE4E87008B7455 /* Assets.xcassets in Resources */ = {isa = PBXBuildFile; fileRef = ADF19D4121DE4E87008B7455 /* Assets.xcassets */; };
		ADF19D4521DE4E87008B7455 /* LaunchScreen.storyboard in Resources */ = {isa = PBXBuildFile; fileRef = ADF19D4321DE4E87008B7455 /* LaunchScreen.storyboard */; };
		ADF19D5021DE4E87008B7455 /* PeopleSocialTests.swift in Sources */ = {isa = PBXBuildFile; fileRef = ADF19D4F21DE4E87008B7455 /* PeopleSocialTests.swift */; };
		ADF19D5B21DE4ED8008B7455 /* GoogleService-Info.plist in Resources */ = {isa = PBXBuildFile; fileRef = ADF19D5A21DE4ED8008B7455 /* GoogleService-Info.plist */; };
		ADF19D9321DE535E008B7455 /* ViewController.xib in Resources */ = {isa = PBXBuildFile; fileRef = ADF19D9221DE535E008B7455 /* ViewController.xib */; };
		ADF19D9521DE6230008B7455 /* Router.swift in Sources */ = {isa = PBXBuildFile; fileRef = ADF19D9421DE6230008B7455 /* Router.swift */; };
		ADF19D9821DE6ADF008B7455 /* StartRouter.swift in Sources */ = {isa = PBXBuildFile; fileRef = ADF19D9721DE6ADF008B7455 /* StartRouter.swift */; };
		ADF19D9C21DE6BC9008B7455 /* RegisterViewController.swift in Sources */ = {isa = PBXBuildFile; fileRef = ADF19D9A21DE6BC9008B7455 /* RegisterViewController.swift */; };
		ADF19D9D21DE6BC9008B7455 /* RegisterViewController.xib in Resources */ = {isa = PBXBuildFile; fileRef = ADF19D9B21DE6BC9008B7455 /* RegisterViewController.xib */; };
		ADF19DA121DE6BE9008B7455 /* LoginViewController.swift in Sources */ = {isa = PBXBuildFile; fileRef = ADF19D9F21DE6BE9008B7455 /* LoginViewController.swift */; };
		ADF19DA221DE6BE9008B7455 /* LoginViewController.xib in Resources */ = {isa = PBXBuildFile; fileRef = ADF19DA021DE6BE9008B7455 /* LoginViewController.xib */; };
		ADF19DA521DE7009008B7455 /* PhotoView.swift in Sources */ = {isa = PBXBuildFile; fileRef = ADF19DA421DE7009008B7455 /* PhotoView.swift */; };
		ADF19DA721DE703E008B7455 /* Extention+View.swift in Sources */ = {isa = PBXBuildFile; fileRef = ADF19DA621DE703E008B7455 /* Extention+View.swift */; };
		ADF19DA921DE71EF008B7455 /* HeigtContainable.swift in Sources */ = {isa = PBXBuildFile; fileRef = ADF19DA821DE71EF008B7455 /* HeigtContainable.swift */; };
		ADF19DAB21DE7388008B7455 /* NibLoadable.swift in Sources */ = {isa = PBXBuildFile; fileRef = ADF19DAA21DE7388008B7455 /* NibLoadable.swift */; };
		ADF19DAD21DE75BA008B7455 /* Typealias.swift in Sources */ = {isa = PBXBuildFile; fileRef = ADF19DAC21DE75BA008B7455 /* Typealias.swift */; };
		ADF19DAF21DE7624008B7455 /* Evtentions+NSLayautConstraint.swift in Sources */ = {isa = PBXBuildFile; fileRef = ADF19DAE21DE7624008B7455 /* Evtentions+NSLayautConstraint.swift */; };
		ADF19DB821DE8265008B7455 /* InfoUserTableViewCell.swift in Sources */ = {isa = PBXBuildFile; fileRef = ADF19DB621DE8265008B7455 /* InfoUserTableViewCell.swift */; };
		ADF19DB921DE8265008B7455 /* InfoUserTableViewCell.xib in Resources */ = {isa = PBXBuildFile; fileRef = ADF19DB721DE8265008B7455 /* InfoUserTableViewCell.xib */; };
/* End PBXBuildFile section */

/* Begin PBXContainerItemProxy section */
		ADF19D4C21DE4E87008B7455 /* PBXContainerItemProxy */ = {
			isa = PBXContainerItemProxy;
			containerPortal = ADF19D2F21DE4E85008B7455 /* Project object */;
			proxyType = 1;
			remoteGlobalIDString = ADF19D3621DE4E85008B7455;
			remoteInfo = PeopleSocial;
		};
/* End PBXContainerItemProxy section */

/* Begin PBXFileReference section */
		769746221C1FF84063DA2C1C /* Pods-PeopleSocial.release.xcconfig */ = {isa = PBXFileReference; includeInIndex = 1; lastKnownFileType = text.xcconfig; name = "Pods-PeopleSocial.release.xcconfig"; path = "Pods/Target Support Files/Pods-PeopleSocial/Pods-PeopleSocial.release.xcconfig"; sourceTree = "<group>"; };
		8B6031579909223CD2449496 /* Pods-PeopleSocial.debug.xcconfig */ = {isa = PBXFileReference; includeInIndex = 1; lastKnownFileType = text.xcconfig; name = "Pods-PeopleSocial.debug.xcconfig"; path = "Pods/Target Support Files/Pods-PeopleSocial/Pods-PeopleSocial.debug.xcconfig"; sourceTree = "<group>"; };
		A25AB869F2516183D45DD81F /* Pods_PeopleSocial.framework */ = {isa = PBXFileReference; explicitFileType = wrapper.framework; includeInIndex = 0; path = Pods_PeopleSocial.framework; sourceTree = BUILT_PRODUCTS_DIR; };
		AD2B1AAF21F4B39800DE6246 /* FeedViewController.swift */ = {isa = PBXFileReference; lastKnownFileType = sourcecode.swift; path = FeedViewController.swift; sourceTree = "<group>"; };
		AD2B1AB021F4B39800DE6246 /* FeedViewController.xib */ = {isa = PBXFileReference; lastKnownFileType = file.xib; path = FeedViewController.xib; sourceTree = "<group>"; };
		AD2B1AB421F4B73500DE6246 /* UserHeaderView.xib */ = {isa = PBXFileReference; lastKnownFileType = file.xib; path = UserHeaderView.xib; sourceTree = "<group>"; };
		AD2B1AB621F4BDF100DE6246 /* UserHeaderView.swift */ = {isa = PBXFileReference; lastKnownFileType = sourcecode.swift; path = UserHeaderView.swift; sourceTree = "<group>"; };
		AD2F2F2321E52DD7003B4E85 /* TextField.swift */ = {isa = PBXFileReference; lastKnownFileType = sourcecode.swift; path = TextField.swift; sourceTree = "<group>"; };
		AD3370CF21E23AE900EA3F96 /* CellHeaderProtocol.swift */ = {isa = PBXFileReference; lastKnownFileType = sourcecode.swift; path = CellHeaderProtocol.swift; sourceTree = "<group>"; };
		AD3370D221E24A8100EA3F96 /* SegmentTableViewCell.swift */ = {isa = PBXFileReference; lastKnownFileType = sourcecode.swift; path = SegmentTableViewCell.swift; sourceTree = "<group>"; };
		AD3370D321E24A8100EA3F96 /* SegmentTableViewCell.xib */ = {isa = PBXFileReference; lastKnownFileType = file.xib; path = SegmentTableViewCell.xib; sourceTree = "<group>"; };
		AD3370D721E2594B00EA3F96 /* TextTableViewCell.swift */ = {isa = PBXFileReference; lastKnownFileType = sourcecode.swift; path = TextTableViewCell.swift; sourceTree = "<group>"; };
		AD3370D821E2594B00EA3F96 /* TextTableViewCell.xib */ = {isa = PBXFileReference; lastKnownFileType = file.xib; path = TextTableViewCell.xib; sourceTree = "<group>"; };
		AD3370DC21E2651D00EA3F96 /* TextFieldTableViewCell.swift */ = {isa = PBXFileReference; lastKnownFileType = sourcecode.swift; path = TextFieldTableViewCell.swift; sourceTree = "<group>"; };
		AD3370DD21E2651D00EA3F96 /* TextFieldTableViewCell.xib */ = {isa = PBXFileReference; lastKnownFileType = file.xib; path = TextFieldTableViewCell.xib; sourceTree = "<group>"; };
		AD3370E221E2803000EA3F96 /* RegisterModel.swift */ = {isa = PBXFileReference; lastKnownFileType = sourcecode.swift; path = RegisterModel.swift; sourceTree = "<group>"; };
		AD3370E421E2809200EA3F96 /* Sex.swift */ = {isa = PBXFileReference; lastKnownFileType = sourcecode.swift; path = Sex.swift; sourceTree = "<group>"; };
		AD3370E621E286CC00EA3F96 /* Extention+UIViewController.swift */ = {isa = PBXFileReference; lastKnownFileType = sourcecode.swift; path = "Extention+UIViewController.swift"; sourceTree = "<group>"; };
		AD3370E921E37EE300EA3F96 /* AuthManager.swift */ = {isa = PBXFileReference; lastKnownFileType = sourcecode.swift; path = AuthManager.swift; sourceTree = "<group>"; };
		AD3370EC21E3873400EA3F96 /* Utilites.swift */ = {isa = PBXFileReference; lastKnownFileType = sourcecode.swift; path = Utilites.swift; sourceTree = "<group>"; };
		AD3370EE21E4C42100EA3F96 /* CustomError.swift */ = {isa = PBXFileReference; lastKnownFileType = sourcecode.swift; path = CustomError.swift; sourceTree = "<group>"; };
		AD3370F021E4C4C100EA3F96 /* Validator.swift */ = {isa = PBXFileReference; lastKnownFileType = sourcecode.swift; path = Validator.swift; sourceTree = "<group>"; };
		AD3370F221E4C80100EA3F96 /* StorageManager.swift */ = {isa = PBXFileReference; lastKnownFileType = sourcecode.swift; path = StorageManager.swift; sourceTree = "<group>"; };
		AD3370F421E518DA00EA3F96 /* AuthResult.swift */ = {isa = PBXFileReference; lastKnownFileType = sourcecode.swift; path = AuthResult.swift; sourceTree = "<group>"; };
		AD4033AE21E226E700107713 /* HeaderTitleView.swift */ = {isa = PBXFileReference; lastKnownFileType = sourcecode.swift; path = HeaderTitleView.swift; sourceTree = "<group>"; };
		AD4033B221E228BE00107713 /* HeaderTitleView.xib */ = {isa = PBXFileReference; lastKnownFileType = file.xib; path = HeaderTitleView.xib; sourceTree = "<group>"; };
		ADF19D3721DE4E85008B7455 /* PeopleSocial.app */ = {isa = PBXFileReference; explicitFileType = wrapper.application; includeInIndex = 0; path = PeopleSocial.app; sourceTree = BUILT_PRODUCTS_DIR; };
		ADF19D3A21DE4E85008B7455 /* AppDelegate.swift */ = {isa = PBXFileReference; lastKnownFileType = sourcecode.swift; path = AppDelegate.swift; sourceTree = "<group>"; };
		ADF19D3C21DE4E85008B7455 /* ViewController.swift */ = {isa = PBXFileReference; lastKnownFileType = sourcecode.swift; path = ViewController.swift; sourceTree = "<group>"; };
		ADF19D4121DE4E87008B7455 /* Assets.xcassets */ = {isa = PBXFileReference; lastKnownFileType = folder.assetcatalog; path = Assets.xcassets; sourceTree = "<group>"; };
		ADF19D4421DE4E87008B7455 /* Base */ = {isa = PBXFileReference; lastKnownFileType = file.storyboard; name = Base; path = Base.lproj/LaunchScreen.storyboard; sourceTree = "<group>"; };
		ADF19D4621DE4E87008B7455 /* Info.plist */ = {isa = PBXFileReference; lastKnownFileType = text.plist.xml; path = Info.plist; sourceTree = "<group>"; };
		ADF19D4B21DE4E87008B7455 /* PeopleSocialTests.xctest */ = {isa = PBXFileReference; explicitFileType = wrapper.cfbundle; includeInIndex = 0; path = PeopleSocialTests.xctest; sourceTree = BUILT_PRODUCTS_DIR; };
		ADF19D4F21DE4E87008B7455 /* PeopleSocialTests.swift */ = {isa = PBXFileReference; lastKnownFileType = sourcecode.swift; path = PeopleSocialTests.swift; sourceTree = "<group>"; };
		ADF19D5121DE4E87008B7455 /* Info.plist */ = {isa = PBXFileReference; lastKnownFileType = text.plist.xml; name = Info.plist; path = PeopleSocialTests/Info.plist; sourceTree = SOURCE_ROOT; };
		ADF19D5A21DE4ED8008B7455 /* GoogleService-Info.plist */ = {isa = PBXFileReference; fileEncoding = 4; lastKnownFileType = text.plist.xml; path = "GoogleService-Info.plist"; sourceTree = "<group>"; };
		ADF19D9221DE535E008B7455 /* ViewController.xib */ = {isa = PBXFileReference; lastKnownFileType = file.xib; path = ViewController.xib; sourceTree = "<group>"; };
		ADF19D9421DE6230008B7455 /* Router.swift */ = {isa = PBXFileReference; lastKnownFileType = sourcecode.swift; path = Router.swift; sourceTree = "<group>"; };
		ADF19D9721DE6ADF008B7455 /* StartRouter.swift */ = {isa = PBXFileReference; lastKnownFileType = sourcecode.swift; path = StartRouter.swift; sourceTree = "<group>"; };
		ADF19D9A21DE6BC9008B7455 /* RegisterViewController.swift */ = {isa = PBXFileReference; lastKnownFileType = sourcecode.swift; path = RegisterViewController.swift; sourceTree = "<group>"; };
		ADF19D9B21DE6BC9008B7455 /* RegisterViewController.xib */ = {isa = PBXFileReference; lastKnownFileType = file.xib; path = RegisterViewController.xib; sourceTree = "<group>"; };
		ADF19D9F21DE6BE9008B7455 /* LoginViewController.swift */ = {isa = PBXFileReference; lastKnownFileType = sourcecode.swift; path = LoginViewController.swift; sourceTree = "<group>"; };
		ADF19DA021DE6BE9008B7455 /* LoginViewController.xib */ = {isa = PBXFileReference; lastKnownFileType = file.xib; path = LoginViewController.xib; sourceTree = "<group>"; };
		ADF19DA421DE7009008B7455 /* PhotoView.swift */ = {isa = PBXFileReference; lastKnownFileType = sourcecode.swift; path = PhotoView.swift; sourceTree = "<group>"; };
		ADF19DA621DE703E008B7455 /* Extention+View.swift */ = {isa = PBXFileReference; lastKnownFileType = sourcecode.swift; path = "Extention+View.swift"; sourceTree = "<group>"; };
		ADF19DA821DE71EF008B7455 /* HeigtContainable.swift */ = {isa = PBXFileReference; lastKnownFileType = sourcecode.swift; path = HeigtContainable.swift; sourceTree = "<group>"; };
		ADF19DAA21DE7388008B7455 /* NibLoadable.swift */ = {isa = PBXFileReference; lastKnownFileType = sourcecode.swift; path = NibLoadable.swift; sourceTree = "<group>"; };
		ADF19DAC21DE75BA008B7455 /* Typealias.swift */ = {isa = PBXFileReference; lastKnownFileType = sourcecode.swift; path = Typealias.swift; sourceTree = "<group>"; };
		ADF19DAE21DE7624008B7455 /* Evtentions+NSLayautConstraint.swift */ = {isa = PBXFileReference; lastKnownFileType = sourcecode.swift; path = "Evtentions+NSLayautConstraint.swift"; sourceTree = "<group>"; };
		ADF19DB621DE8265008B7455 /* InfoUserTableViewCell.swift */ = {isa = PBXFileReference; lastKnownFileType = sourcecode.swift; path = InfoUserTableViewCell.swift; sourceTree = "<group>"; };
		ADF19DB721DE8265008B7455 /* InfoUserTableViewCell.xib */ = {isa = PBXFileReference; lastKnownFileType = file.xib; path = InfoUserTableViewCell.xib; sourceTree = "<group>"; };
/* End PBXFileReference section */

/* Begin PBXFrameworksBuildPhase section */
		ADF19D3421DE4E85008B7455 /* Frameworks */ = {
			isa = PBXFrameworksBuildPhase;
			buildActionMask = 2147483647;
			files = (
				1498C2A80C1F2F4C55EA994E /* Pods_PeopleSocial.framework in Frameworks */,
			);
			runOnlyForDeploymentPostprocessing = 0;
		};
		ADF19D4821DE4E87008B7455 /* Frameworks */ = {
			isa = PBXFrameworksBuildPhase;
			buildActionMask = 2147483647;
			files = (
			);
			runOnlyForDeploymentPostprocessing = 0;
		};
/* End PBXFrameworksBuildPhase section */

/* Begin PBXGroup section */
		636E6C2A6026AC711BE1F12D /* Pods */ = {
			isa = PBXGroup;
			children = (
				8B6031579909223CD2449496 /* Pods-PeopleSocial.debug.xcconfig */,
				769746221C1FF84063DA2C1C /* Pods-PeopleSocial.release.xcconfig */,
			);
			name = Pods;
			sourceTree = "<group>";
		};
		AD2B1AAE21F4B31300DE6246 /* Feed */ = {
			isa = PBXGroup;
			children = (
				AD2B1AAF21F4B39800DE6246 /* FeedViewController.swift */,
				AD2B1AB021F4B39800DE6246 /* FeedViewController.xib */,
			);
			path = Feed;
			sourceTree = "<group>";
		};
		AD2B1AB321F4B6F700DE6246 /* UserHeader */ = {
			isa = PBXGroup;
			children = (
				AD2B1AB421F4B73500DE6246 /* UserHeaderView.xib */,
				AD2B1AB621F4BDF100DE6246 /* UserHeaderView.swift */,
			);
			path = UserHeader;
			sourceTree = "<group>";
		};
		AD2F2F2221E52D66003B4E85 /* TextFields */ = {
			isa = PBXGroup;
			children = (
				AD2F2F2321E52DD7003B4E85 /* TextField.swift */,
			);
			path = TextFields;
			sourceTree = "<group>";
		};
		AD3370D121E249C100EA3F96 /* SegmentCell */ = {
			isa = PBXGroup;
			children = (
				AD3370D221E24A8100EA3F96 /* SegmentTableViewCell.swift */,
				AD3370D321E24A8100EA3F96 /* SegmentTableViewCell.xib */,
			);
			path = SegmentCell;
			sourceTree = "<group>";
		};
		AD3370D621E2592E00EA3F96 /* TextCell */ = {
			isa = PBXGroup;
			children = (
				AD3370D721E2594B00EA3F96 /* TextTableViewCell.swift */,
				AD3370D821E2594B00EA3F96 /* TextTableViewCell.xib */,
			);
			path = TextCell;
			sourceTree = "<group>";
		};
		AD3370DB21E2645E00EA3F96 /* TextFieldCell */ = {
			isa = PBXGroup;
			children = (
				AD3370DC21E2651D00EA3F96 /* TextFieldTableViewCell.swift */,
				AD3370DD21E2651D00EA3F96 /* TextFieldTableViewCell.xib */,
			);
			path = TextFieldCell;
			sourceTree = "<group>";
		};
		AD3370E821E37EC700EA3F96 /* Manager */ = {
			isa = PBXGroup;
			children = (
				AD3370E921E37EE300EA3F96 /* AuthManager.swift */,
				AD3370F221E4C80100EA3F96 /* StorageManager.swift */,
			);
			path = Manager;
			sourceTree = "<group>";
		};
		AD3370EB21E386B300EA3F96 /* HelpFiles */ = {
			isa = PBXGroup;
			children = (
				AD3370EC21E3873400EA3F96 /* Utilites.swift */,
				AD3370F021E4C4C100EA3F96 /* Validator.swift */,
			);
			path = HelpFiles;
			sourceTree = "<group>";
		};
		AD4033AD21E226DB00107713 /* HeaderTitleView */ = {
			isa = PBXGroup;
			children = (
				AD4033AE21E226E700107713 /* HeaderTitleView.swift */,
				AD4033B221E228BE00107713 /* HeaderTitleView.xib */,
			);
			path = HeaderTitleView;
			sourceTree = "<group>";
		};
		ADF19D2E21DE4E85008B7455 = {
			isa = PBXGroup;
			children = (
				ADF19D3921DE4E85008B7455 /* PeopleSocial */,
				ADF19D4E21DE4E87008B7455 /* PeopleSocialTests */,
				ADF19D3821DE4E85008B7455 /* Products */,
				636E6C2A6026AC711BE1F12D /* Pods */,
				E8F32F924432343DFB0D2791 /* Frameworks */,
			);
			sourceTree = "<group>";
		};
		ADF19D3821DE4E85008B7455 /* Products */ = {
			isa = PBXGroup;
			children = (
				ADF19D3721DE4E85008B7455 /* PeopleSocial.app */,
				ADF19D4B21DE4E87008B7455 /* PeopleSocialTests.xctest */,
			);
			name = Products;
			sourceTree = "<group>";
		};
		ADF19D3921DE4E85008B7455 /* PeopleSocial */ = {
			isa = PBXGroup;
			children = (
				ADF19D4621DE4E87008B7455 /* Info.plist */,
				ADF19D5A21DE4ED8008B7455 /* GoogleService-Info.plist */,
				ADF19D3A21DE4E85008B7455 /* AppDelegate.swift */,
				ADF19D8821DE5209008B7455 /* Classes */,
				ADF19D8921DE521F008B7455 /* Resourses */,
			);
			path = PeopleSocial;
			sourceTree = "<group>";
		};
		ADF19D4E21DE4E87008B7455 /* PeopleSocialTests */ = {
			isa = PBXGroup;
			children = (
				ADF19D4F21DE4E87008B7455 /* PeopleSocialTests.swift */,
				ADF19D5121DE4E87008B7455 /* Info.plist */,
			);
			path = PeopleSocialTests;
			sourceTree = "<group>";
		};
		ADF19D8821DE5209008B7455 /* Classes */ = {
			isa = PBXGroup;
			children = (
				AD3370E821E37EC700EA3F96 /* Manager */,
				ADF19D8D21DE525B008B7455 /* Models */,
				ADF19D9021DE528A008B7455 /* Screens */,
				ADF19D8C21DE524D008B7455 /* CustomViews */,
				ADF19D8F21DE527B008B7455 /* Routers */,
				AD3370EB21E386B300EA3F96 /* HelpFiles */,
				ADF19D8E21DE5268008B7455 /* Extentions */,
				ADF19D8A21DE5231008B7455 /* Protocols */,
			);
			path = Classes;
			sourceTree = "<group>";
		};
		ADF19D8921DE521F008B7455 /* Resourses */ = {
			isa = PBXGroup;
			children = (
				ADF19D4321DE4E87008B7455 /* LaunchScreen.storyboard */,
				ADF19D4121DE4E87008B7455 /* Assets.xcassets */,
			);
			path = Resourses;
			sourceTree = "<group>";
		};
		ADF19D8A21DE5231008B7455 /* Protocols */ = {
			isa = PBXGroup;
			children = (
				AD3370EE21E4C42100EA3F96 /* CustomError.swift */,
				ADF19DA821DE71EF008B7455 /* HeigtContainable.swift */,
				ADF19DAA21DE7388008B7455 /* NibLoadable.swift */,
				ADF19DAC21DE75BA008B7455 /* Typealias.swift */,
				AD3370CF21E23AE900EA3F96 /* CellHeaderProtocol.swift */,
			);
			path = Protocols;
			sourceTree = "<group>";
		};
		ADF19D8B21DE5240008B7455 /* Cells */ = {
			isa = PBXGroup;
			children = (
				AD3370DB21E2645E00EA3F96 /* TextFieldCell */,
				AD3370D621E2592E00EA3F96 /* TextCell */,
				AD3370D121E249C100EA3F96 /* SegmentCell */,
				ADF19DB521DE823F008B7455 /* InfoUserCell */,
			);
			path = Cells;
			sourceTree = "<group>";
		};
		ADF19D8C21DE524D008B7455 /* CustomViews */ = {
			isa = PBXGroup;
			children = (
				AD2B1AB321F4B6F700DE6246 /* UserHeader */,
				AD2F2F2221E52D66003B4E85 /* TextFields */,
				AD4033AD21E226DB00107713 /* HeaderTitleView */,
				ADF19D8B21DE5240008B7455 /* Cells */,
				ADF19DA321DE6FD2008B7455 /* PhotoView */,
			);
			path = CustomViews;
			sourceTree = "<group>";
		};
		ADF19D8D21DE525B008B7455 /* Models */ = {
			isa = PBXGroup;
			children = (
				AD3370E221E2803000EA3F96 /* RegisterModel.swift */,
				AD3370E421E2809200EA3F96 /* Sex.swift */,
				AD3370F421E518DA00EA3F96 /* AuthResult.swift */,
			);
			path = Models;
			sourceTree = "<group>";
		};
		ADF19D8E21DE5268008B7455 /* Extentions */ = {
			isa = PBXGroup;
			children = (
				ADF19DA621DE703E008B7455 /* Extention+View.swift */,
				ADF19DAE21DE7624008B7455 /* Evtentions+NSLayautConstraint.swift */,
				AD3370E621E286CC00EA3F96 /* Extention+UIViewController.swift */,
			);
			path = Extentions;
			sourceTree = "<group>";
		};
		ADF19D8F21DE527B008B7455 /* Routers */ = {
			isa = PBXGroup;
			children = (
				ADF19D9421DE6230008B7455 /* Router.swift */,
				ADF19D9721DE6ADF008B7455 /* StartRouter.swift */,
			);
			path = Routers;
			sourceTree = "<group>";
		};
		ADF19D9021DE528A008B7455 /* Screens */ = {
			isa = PBXGroup;
			children = (
				AD2B1AAE21F4B31300DE6246 /* Feed */,
				ADF19D9E21DE6BCF008B7455 /* LoginVC */,
				ADF19D9921DE6B94008B7455 /* RegisterVC */,
				ADF19D9621DE691B008B7455 /* Start */,
			);
			path = Screens;
			sourceTree = "<group>";
		};
		ADF19D9621DE691B008B7455 /* Start */ = {
			isa = PBXGroup;
			children = (
				ADF19D3C21DE4E85008B7455 /* ViewController.swift */,
				ADF19D9221DE535E008B7455 /* ViewController.xib */,
			);
			path = Start;
			sourceTree = "<group>";
		};
		ADF19D9921DE6B94008B7455 /* RegisterVC */ = {
			isa = PBXGroup;
			children = (
				ADF19D9A21DE6BC9008B7455 /* RegisterViewController.swift */,
				ADF19D9B21DE6BC9008B7455 /* RegisterViewController.xib */,
			);
			path = RegisterVC;
			sourceTree = "<group>";
		};
		ADF19D9E21DE6BCF008B7455 /* LoginVC */ = {
			isa = PBXGroup;
			children = (
				ADF19D9F21DE6BE9008B7455 /* LoginViewController.swift */,
				ADF19DA021DE6BE9008B7455 /* LoginViewController.xib */,
			);
			path = LoginVC;
			sourceTree = "<group>";
		};
		ADF19DA321DE6FD2008B7455 /* PhotoView */ = {
			isa = PBXGroup;
			children = (
				ADF19DA421DE7009008B7455 /* PhotoView.swift */,
			);
			path = PhotoView;
			sourceTree = "<group>";
		};
		ADF19DB521DE823F008B7455 /* InfoUserCell */ = {
			isa = PBXGroup;
			children = (
				ADF19DB621DE8265008B7455 /* InfoUserTableViewCell.swift */,
				ADF19DB721DE8265008B7455 /* InfoUserTableViewCell.xib */,
			);
			path = InfoUserCell;
			sourceTree = "<group>";
		};
		E8F32F924432343DFB0D2791 /* Frameworks */ = {
			isa = PBXGroup;
			children = (
				A25AB869F2516183D45DD81F /* Pods_PeopleSocial.framework */,
			);
			name = Frameworks;
			sourceTree = "<group>";
		};
/* End PBXGroup section */

/* Begin PBXNativeTarget section */
		ADF19D3621DE4E85008B7455 /* PeopleSocial */ = {
			isa = PBXNativeTarget;
			buildConfigurationList = ADF19D5421DE4E87008B7455 /* Build configuration list for PBXNativeTarget "PeopleSocial" */;
			buildPhases = (
				87495846101B9CEF0E97939B /* [CP] Check Pods Manifest.lock */,
				ADF19D3321DE4E85008B7455 /* Sources */,
				ADF19D3421DE4E85008B7455 /* Frameworks */,
				ADF19D3521DE4E85008B7455 /* Resources */,
				1EF867FB16E04C774DFEFDFA /* [CP] Embed Pods Frameworks */,
			);
			buildRules = (
			);
			dependencies = (
			);
			name = PeopleSocial;
			productName = PeopleSocial;
			productReference = ADF19D3721DE4E85008B7455 /* PeopleSocial.app */;
			productType = "com.apple.product-type.application";
		};
		ADF19D4A21DE4E87008B7455 /* PeopleSocialTests */ = {
			isa = PBXNativeTarget;
			buildConfigurationList = ADF19D5721DE4E87008B7455 /* Build configuration list for PBXNativeTarget "PeopleSocialTests" */;
			buildPhases = (
				ADF19D4721DE4E87008B7455 /* Sources */,
				ADF19D4821DE4E87008B7455 /* Frameworks */,
				ADF19D4921DE4E87008B7455 /* Resources */,
			);
			buildRules = (
			);
			dependencies = (
				ADF19D4D21DE4E87008B7455 /* PBXTargetDependency */,
			);
			name = PeopleSocialTests;
			productName = PeopleSocialTests;
			productReference = ADF19D4B21DE4E87008B7455 /* PeopleSocialTests.xctest */;
			productType = "com.apple.product-type.bundle.unit-test";
		};
/* End PBXNativeTarget section */

/* Begin PBXProject section */
		ADF19D2F21DE4E85008B7455 /* Project object */ = {
			isa = PBXProject;
			attributes = {
				LastSwiftUpdateCheck = 1010;
				LastUpgradeCheck = 1010;
				ORGANIZATIONNAME = Kaiserdem;
				TargetAttributes = {
					ADF19D3621DE4E85008B7455 = {
						CreatedOnToolsVersion = 10.1;
					};
					ADF19D4A21DE4E87008B7455 = {
						CreatedOnToolsVersion = 10.1;
						TestTargetID = ADF19D3621DE4E85008B7455;
					};
				};
			};
			buildConfigurationList = ADF19D3221DE4E85008B7455 /* Build configuration list for PBXProject "PeopleSocial" */;
			compatibilityVersion = "Xcode 9.3";
			developmentRegion = en;
			hasScannedForEncodings = 0;
			knownRegions = (
				en,
				Base,
			);
			mainGroup = ADF19D2E21DE4E85008B7455;
			productRefGroup = ADF19D3821DE4E85008B7455 /* Products */;
			projectDirPath = "";
			projectRoot = "";
			targets = (
				ADF19D3621DE4E85008B7455 /* PeopleSocial */,
				ADF19D4A21DE4E87008B7455 /* PeopleSocialTests */,
			);
		};
/* End PBXProject section */

/* Begin PBXResourcesBuildPhase section */
		ADF19D3521DE4E85008B7455 /* Resources */ = {
			isa = PBXResourcesBuildPhase;
			buildActionMask = 2147483647;
			files = (
				ADF19D4521DE4E87008B7455 /* LaunchScreen.storyboard in Resources */,
				ADF19D9D21DE6BC9008B7455 /* RegisterViewController.xib in Resources */,
				AD4033B321E228BE00107713 /* HeaderTitleView.xib in Resources */,
				AD3370DF21E2651D00EA3F96 /* TextFieldTableViewCell.xib in Resources */,
				AD2B1AB521F4B73500DE6246 /* UserHeaderView.xib in Resources */,
				ADF19DB921DE8265008B7455 /* InfoUserTableViewCell.xib in Resources */,
				ADF19DA221DE6BE9008B7455 /* LoginViewController.xib in Resources */,
				AD3370D521E24A8100EA3F96 /* SegmentTableViewCell.xib in Resources */,
				AD3370DA21E2594B00EA3F96 /* TextTableViewCell.xib in Resources */,
				ADF19D5B21DE4ED8008B7455 /* GoogleService-Info.plist in Resources */,
				ADF19D9321DE535E008B7455 /* ViewController.xib in Resources */,
				AD2B1AB221F4B39800DE6246 /* FeedViewController.xib in Resources */,
				ADF19D4221DE4E87008B7455 /* Assets.xcassets in Resources */,
			);
			runOnlyForDeploymentPostprocessing = 0;
		};
		ADF19D4921DE4E87008B7455 /* Resources */ = {
			isa = PBXResourcesBuildPhase;
			buildActionMask = 2147483647;
			files = (
			);
			runOnlyForDeploymentPostprocessing = 0;
		};
/* End PBXResourcesBuildPhase section */

/* Begin PBXShellScriptBuildPhase section */
		1EF867FB16E04C774DFEFDFA /* [CP] Embed Pods Frameworks */ = {
			isa = PBXShellScriptBuildPhase;
			buildActionMask = 2147483647;
			files = (
			);
			inputFileListPaths = (
			);
			inputPaths = (
				"${SRCROOT}/Pods/Target Support Files/Pods-PeopleSocial/Pods-PeopleSocial-frameworks.sh",
				"${BUILT_PRODUCTS_DIR}/ARSLineProgress/ARSLineProgress.framework",
				"${BUILT_PRODUCTS_DIR}/GTMSessionFetcher/GTMSessionFetcher.framework",
				"${BUILT_PRODUCTS_DIR}/GoogleUtilities/GoogleUtilities.framework",
				"${BUILT_PRODUCTS_DIR}/Locksmith/Locksmith.framework",
				"${BUILT_PRODUCTS_DIR}/leveldb-library/leveldb.framework",
				"${BUILT_PRODUCTS_DIR}/nanopb/nanopb.framework",
			);
			name = "[CP] Embed Pods Frameworks";
			outputFileListPaths = (
			);
			outputPaths = (
				"${TARGET_BUILD_DIR}/${FRAMEWORKS_FOLDER_PATH}/ARSLineProgress.framework",
				"${TARGET_BUILD_DIR}/${FRAMEWORKS_FOLDER_PATH}/GTMSessionFetcher.framework",
				"${TARGET_BUILD_DIR}/${FRAMEWORKS_FOLDER_PATH}/GoogleUtilities.framework",
				"${TARGET_BUILD_DIR}/${FRAMEWORKS_FOLDER_PATH}/Locksmith.framework",
				"${TARGET_BUILD_DIR}/${FRAMEWORKS_FOLDER_PATH}/leveldb.framework",
				"${TARGET_BUILD_DIR}/${FRAMEWORKS_FOLDER_PATH}/nanopb.framework",
			);
			runOnlyForDeploymentPostprocessing = 0;
			shellPath = /bin/sh;
			shellScript = "\"${SRCROOT}/Pods/Target Support Files/Pods-PeopleSocial/Pods-PeopleSocial-frameworks.sh\"\n";
			showEnvVarsInLog = 0;
		};
		87495846101B9CEF0E97939B /* [CP] Check Pods Manifest.lock */ = {
			isa = PBXShellScriptBuildPhase;
			buildActionMask = 2147483647;
			files = (
			);
			inputFileListPaths = (
			);
			inputPaths = (
				"${PODS_PODFILE_DIR_PATH}/Podfile.lock",
				"${PODS_ROOT}/Manifest.lock",
			);
			name = "[CP] Check Pods Manifest.lock";
			outputFileListPaths = (
			);
			outputPaths = (
				"$(DERIVED_FILE_DIR)/Pods-PeopleSocial-checkManifestLockResult.txt",
			);
			runOnlyForDeploymentPostprocessing = 0;
			shellPath = /bin/sh;
			shellScript = "diff \"${PODS_PODFILE_DIR_PATH}/Podfile.lock\" \"${PODS_ROOT}/Manifest.lock\" > /dev/null\nif [ $? != 0 ] ; then\n    # print error to STDERR\n    echo \"error: The sandbox is not in sync with the Podfile.lock. Run 'pod install' or update your CocoaPods installation.\" >&2\n    exit 1\nfi\n# This output is used by Xcode 'outputs' to avoid re-running this script phase.\necho \"SUCCESS\" > \"${SCRIPT_OUTPUT_FILE_0}\"\n";
			showEnvVarsInLog = 0;
		};
/* End PBXShellScriptBuildPhase section */

/* Begin PBXSourcesBuildPhase section */
		ADF19D3321DE4E85008B7455 /* Sources */ = {
			isa = PBXSourcesBuildPhase;
			buildActionMask = 2147483647;
			files = (
				AD3370E521E2809200EA3F96 /* Sex.swift in Sources */,
				ADF19DA121DE6BE9008B7455 /* LoginViewController.swift in Sources */,
				AD3370F521E518DA00EA3F96 /* AuthResult.swift in Sources */,
				AD2F2F2421E52DD7003B4E85 /* TextField.swift in Sources */,
				AD2B1AB721F4BDF100DE6246 /* UserHeaderView.swift in Sources */,
				ADF19DAD21DE75BA008B7455 /* Typealias.swift in Sources */,
				AD4033AF21E226E700107713 /* HeaderTitleView.swift in Sources */,
				ADF19DB821DE8265008B7455 /* InfoUserTableViewCell.swift in Sources */,
				ADF19D3D21DE4E85008B7455 /* ViewController.swift in Sources */,
				ADF19DA921DE71EF008B7455 /* HeigtContainable.swift in Sources */,
				ADF19DAB21DE7388008B7455 /* NibLoadable.swift in Sources */,
				ADF19DA521DE7009008B7455 /* PhotoView.swift in Sources */,
				ADF19DA721DE703E008B7455 /* Extention+View.swift in Sources */,
				AD3370E721E286CC00EA3F96 /* Extention+UIViewController.swift in Sources */,
				AD3370D021E23AE900EA3F96 /* CellHeaderProtocol.swift in Sources */,
				ADF19D9C21DE6BC9008B7455 /* RegisterViewController.swift in Sources */,
				AD3370D421E24A8100EA3F96 /* SegmentTableViewCell.swift in Sources */,
				ADF19D9521DE6230008B7455 /* Router.swift in Sources */,
				AD3370ED21E3873400EA3F96 /* Utilites.swift in Sources */,
				AD2B1AB121F4B39800DE6246 /* FeedViewController.swift in Sources */,
				AD3370D921E2594B00EA3F96 /* TextTableViewCell.swift in Sources */,
				AD3370EF21E4C42100EA3F96 /* CustomError.swift in Sources */,
				AD3370E321E2803000EA3F96 /* RegisterModel.swift in Sources */,
				ADF19D3B21DE4E85008B7455 /* AppDelegate.swift in Sources */,
				AD3370DE21E2651D00EA3F96 /* TextFieldTableViewCell.swift in Sources */,
				AD3370EA21E37EE300EA3F96 /* AuthManager.swift in Sources */,
				AD3370F121E4C4C100EA3F96 /* Validator.swift in Sources */,
				ADF19DAF21DE7624008B7455 /* Evtentions+NSLayautConstraint.swift in Sources */,
				ADF19D9821DE6ADF008B7455 /* StartRouter.swift in Sources */,
				AD3370F321E4C80100EA3F96 /* StorageManager.swift in Sources */,
			);
			runOnlyForDeploymentPostprocessing = 0;
		};
		ADF19D4721DE4E87008B7455 /* Sources */ = {
			isa = PBXSourcesBuildPhase;
			buildActionMask = 2147483647;
			files = (
				ADF19D5021DE4E87008B7455 /* PeopleSocialTests.swift in Sources */,
			);
			runOnlyForDeploymentPostprocessing = 0;
		};
/* End PBXSourcesBuildPhase section */

/* Begin PBXTargetDependency section */
		ADF19D4D21DE4E87008B7455 /* PBXTargetDependency */ = {
			isa = PBXTargetDependency;
			target = ADF19D3621DE4E85008B7455 /* PeopleSocial */;
			targetProxy = ADF19D4C21DE4E87008B7455 /* PBXContainerItemProxy */;
		};
/* End PBXTargetDependency section */

/* Begin PBXVariantGroup section */
		ADF19D4321DE4E87008B7455 /* LaunchScreen.storyboard */ = {
			isa = PBXVariantGroup;
			children = (
				ADF19D4421DE4E87008B7455 /* Base */,
			);
			name = LaunchScreen.storyboard;
			sourceTree = "<group>";
		};
/* End PBXVariantGroup section */

/* Begin XCBuildConfiguration section */
		ADF19D5221DE4E87008B7455 /* Debug */ = {
			isa = XCBuildConfiguration;
			buildSettings = {
				ALWAYS_SEARCH_USER_PATHS = NO;
				CLANG_ANALYZER_NONNULL = YES;
				CLANG_ANALYZER_NUMBER_OBJECT_CONVERSION = YES_AGGRESSIVE;
				CLANG_CXX_LANGUAGE_STANDARD = "gnu++14";
				CLANG_CXX_LIBRARY = "libc++";
				CLANG_ENABLE_MODULES = YES;
				CLANG_ENABLE_OBJC_ARC = YES;
				CLANG_ENABLE_OBJC_WEAK = YES;
				CLANG_WARN_BLOCK_CAPTURE_AUTORELEASING = YES;
				CLANG_WARN_BOOL_CONVERSION = YES;
				CLANG_WARN_COMMA = YES;
				CLANG_WARN_CONSTANT_CONVERSION = YES;
				CLANG_WARN_DEPRECATED_OBJC_IMPLEMENTATIONS = YES;
				CLANG_WARN_DIRECT_OBJC_ISA_USAGE = YES_ERROR;
				CLANG_WARN_DOCUMENTATION_COMMENTS = YES;
				CLANG_WARN_EMPTY_BODY = YES;
				CLANG_WARN_ENUM_CONVERSION = YES;
				CLANG_WARN_INFINITE_RECURSION = YES;
				CLANG_WARN_INT_CONVERSION = YES;
				CLANG_WARN_NON_LITERAL_NULL_CONVERSION = YES;
				CLANG_WARN_OBJC_IMPLICIT_RETAIN_SELF = YES;
				CLANG_WARN_OBJC_LITERAL_CONVERSION = YES;
				CLANG_WARN_OBJC_ROOT_CLASS = YES_ERROR;
				CLANG_WARN_RANGE_LOOP_ANALYSIS = YES;
				CLANG_WARN_STRICT_PROTOTYPES = YES;
				CLANG_WARN_SUSPICIOUS_MOVE = YES;
				CLANG_WARN_UNGUARDED_AVAILABILITY = YES_AGGRESSIVE;
				CLANG_WARN_UNREACHABLE_CODE = YES;
				CLANG_WARN__DUPLICATE_METHOD_MATCH = YES;
				CODE_SIGN_IDENTITY = "iPhone Developer";
				COPY_PHASE_STRIP = NO;
				DEBUG_INFORMATION_FORMAT = dwarf;
				ENABLE_STRICT_OBJC_MSGSEND = YES;
				ENABLE_TESTABILITY = YES;
				GCC_C_LANGUAGE_STANDARD = gnu11;
				GCC_DYNAMIC_NO_PIC = NO;
				GCC_NO_COMMON_BLOCKS = YES;
				GCC_OPTIMIZATION_LEVEL = 0;
				GCC_PREPROCESSOR_DEFINITIONS = (
					"DEBUG=1",
					"$(inherited)",
				);
				GCC_WARN_64_TO_32_BIT_CONVERSION = YES;
				GCC_WARN_ABOUT_RETURN_TYPE = YES_ERROR;
				GCC_WARN_UNDECLARED_SELECTOR = YES;
				GCC_WARN_UNINITIALIZED_AUTOS = YES_AGGRESSIVE;
				GCC_WARN_UNUSED_FUNCTION = YES;
				GCC_WARN_UNUSED_VARIABLE = YES;
				IPHONEOS_DEPLOYMENT_TARGET = 12.1;
				MTL_ENABLE_DEBUG_INFO = INCLUDE_SOURCE;
				MTL_FAST_MATH = YES;
				ONLY_ACTIVE_ARCH = YES;
				SDKROOT = iphoneos;
				SWIFT_ACTIVE_COMPILATION_CONDITIONS = DEBUG;
				SWIFT_OPTIMIZATION_LEVEL = "-Onone";
			};
			name = Debug;
		};
		ADF19D5321DE4E87008B7455 /* Release */ = {
			isa = XCBuildConfiguration;
			buildSettings = {
				ALWAYS_SEARCH_USER_PATHS = NO;
				CLANG_ANALYZER_NONNULL = YES;
				CLANG_ANALYZER_NUMBER_OBJECT_CONVERSION = YES_AGGRESSIVE;
				CLANG_CXX_LANGUAGE_STANDARD = "gnu++14";
				CLANG_CXX_LIBRARY = "libc++";
				CLANG_ENABLE_MODULES = YES;
				CLANG_ENABLE_OBJC_ARC = YES;
				CLANG_ENABLE_OBJC_WEAK = YES;
				CLANG_WARN_BLOCK_CAPTURE_AUTORELEASING = YES;
				CLANG_WARN_BOOL_CONVERSION = YES;
				CLANG_WARN_COMMA = YES;
				CLANG_WARN_CONSTANT_CONVERSION = YES;
				CLANG_WARN_DEPRECATED_OBJC_IMPLEMENTATIONS = YES;
				CLANG_WARN_DIRECT_OBJC_ISA_USAGE = YES_ERROR;
				CLANG_WARN_DOCUMENTATION_COMMENTS = YES;
				CLANG_WARN_EMPTY_BODY = YES;
				CLANG_WARN_ENUM_CONVERSION = YES;
				CLANG_WARN_INFINITE_RECURSION = YES;
				CLANG_WARN_INT_CONVERSION = YES;
				CLANG_WARN_NON_LITERAL_NULL_CONVERSION = YES;
				CLANG_WARN_OBJC_IMPLICIT_RETAIN_SELF = YES;
				CLANG_WARN_OBJC_LITERAL_CONVERSION = YES;
				CLANG_WARN_OBJC_ROOT_CLASS = YES_ERROR;
				CLANG_WARN_RANGE_LOOP_ANALYSIS = YES;
				CLANG_WARN_STRICT_PROTOTYPES = YES;
				CLANG_WARN_SUSPICIOUS_MOVE = YES;
				CLANG_WARN_UNGUARDED_AVAILABILITY = YES_AGGRESSIVE;
				CLANG_WARN_UNREACHABLE_CODE = YES;
				CLANG_WARN__DUPLICATE_METHOD_MATCH = YES;
				CODE_SIGN_IDENTITY = "iPhone Developer";
				COPY_PHASE_STRIP = NO;
				DEBUG_INFORMATION_FORMAT = "dwarf-with-dsym";
				ENABLE_NS_ASSERTIONS = NO;
				ENABLE_STRICT_OBJC_MSGSEND = YES;
				GCC_C_LANGUAGE_STANDARD = gnu11;
				GCC_NO_COMMON_BLOCKS = YES;
				GCC_WARN_64_TO_32_BIT_CONVERSION = YES;
				GCC_WARN_ABOUT_RETURN_TYPE = YES_ERROR;
				GCC_WARN_UNDECLARED_SELECTOR = YES;
				GCC_WARN_UNINITIALIZED_AUTOS = YES_AGGRESSIVE;
				GCC_WARN_UNUSED_FUNCTION = YES;
				GCC_WARN_UNUSED_VARIABLE = YES;
				IPHONEOS_DEPLOYMENT_TARGET = 12.1;
				MTL_ENABLE_DEBUG_INFO = NO;
				MTL_FAST_MATH = YES;
				SDKROOT = iphoneos;
				SWIFT_COMPILATION_MODE = wholemodule;
				SWIFT_OPTIMIZATION_LEVEL = "-O";
				VALIDATE_PRODUCT = YES;
			};
			name = Release;
		};
		ADF19D5521DE4E87008B7455 /* Debug */ = {
			isa = XCBuildConfiguration;
			baseConfigurationReference = 8B6031579909223CD2449496 /* Pods-PeopleSocial.debug.xcconfig */;
			buildSettings = {
				ASSETCATALOG_COMPILER_APPICON_NAME = AppIcon;
				CODE_SIGN_STYLE = Automatic;
				DEVELOPMENT_TEAM = Q2TWT4N9WP;
				INFOPLIST_FILE = PeopleSocial/Info.plist;
				LD_RUNPATH_SEARCH_PATHS = (
					"$(inherited)",
					"@executable_path/Frameworks",
				);
				PRODUCT_BUNDLE_IDENTIFIER = kaiserdem.PeopleSocial;
				PRODUCT_NAME = "$(TARGET_NAME)";
				SWIFT_VERSION = 4.2;
				TARGETED_DEVICE_FAMILY = "1,2";
			};
			name = Debug;
		};
		ADF19D5621DE4E87008B7455 /* Release */ = {
			isa = XCBuildConfiguration;
			baseConfigurationReference = 769746221C1FF84063DA2C1C /* Pods-PeopleSocial.release.xcconfig */;
			buildSettings = {
				ASSETCATALOG_COMPILER_APPICON_NAME = AppIcon;
				CODE_SIGN_STYLE = Automatic;
				DEVELOPMENT_TEAM = Q2TWT4N9WP;
				INFOPLIST_FILE = PeopleSocial/Info.plist;
				LD_RUNPATH_SEARCH_PATHS = (
					"$(inherited)",
					"@executable_path/Frameworks",
				);
				PRODUCT_BUNDLE_IDENTIFIER = kaiserdem.PeopleSocial;
				PRODUCT_NAME = "$(TARGET_NAME)";
				SWIFT_VERSION = 4.2;
				TARGETED_DEVICE_FAMILY = "1,2";
			};
			name = Release;
		};
		ADF19D5821DE4E87008B7455 /* Debug */ = {
			isa = XCBuildConfiguration;
			buildSettings = {
				ALWAYS_EMBED_SWIFT_STANDARD_LIBRARIES = YES;
				BUNDLE_LOADER = "$(TEST_HOST)";
				CODE_SIGN_STYLE = Automatic;
				DEVELOPMENT_TEAM = Q2TWT4N9WP;
				INFOPLIST_FILE = PeopleSocialTests/Info.plist;
				LD_RUNPATH_SEARCH_PATHS = (
					"$(inherited)",
					"@executable_path/Frameworks",
					"@loader_path/Frameworks",
				);
				PRODUCT_BUNDLE_IDENTIFIER = kaiserdem.PeopleSocialTests;
				PRODUCT_NAME = "$(TARGET_NAME)";
				SWIFT_VERSION = 4.2;
				TARGETED_DEVICE_FAMILY = "1,2";
				TEST_HOST = "$(BUILT_PRODUCTS_DIR)/PeopleSocial.app/PeopleSocial";
			};
			name = Debug;
		};
		ADF19D5921DE4E87008B7455 /* Release */ = {
			isa = XCBuildConfiguration;
			buildSettings = {
				ALWAYS_EMBED_SWIFT_STANDARD_LIBRARIES = YES;
				BUNDLE_LOADER = "$(TEST_HOST)";
				CODE_SIGN_STYLE = Automatic;
				DEVELOPMENT_TEAM = Q2TWT4N9WP;
				INFOPLIST_FILE = PeopleSocialTests/Info.plist;
				LD_RUNPATH_SEARCH_PATHS = (
					"$(inherited)",
					"@executable_path/Frameworks",
					"@loader_path/Frameworks",
				);
				PRODUCT_BUNDLE_IDENTIFIER = kaiserdem.PeopleSocialTests;
				PRODUCT_NAME = "$(TARGET_NAME)";
				SWIFT_VERSION = 4.2;
				TARGETED_DEVICE_FAMILY = "1,2";
				TEST_HOST = "$(BUILT_PRODUCTS_DIR)/PeopleSocial.app/PeopleSocial";
			};
			name = Release;
		};
/* End XCBuildConfiguration section */

/* Begin XCConfigurationList section */
		ADF19D3221DE4E85008B7455 /* Build configuration list for PBXProject "PeopleSocial" */ = {
			isa = XCConfigurationList;
			buildConfigurations = (
				ADF19D5221DE4E87008B7455 /* Debug */,
				ADF19D5321DE4E87008B7455 /* Release */,
			);
			defaultConfigurationIsVisible = 0;
			defaultConfigurationName = Release;
		};
		ADF19D5421DE4E87008B7455 /* Build configuration list for PBXNativeTarget "PeopleSocial" */ = {
			isa = XCConfigurationList;
			buildConfigurations = (
				ADF19D5521DE4E87008B7455 /* Debug */,
				ADF19D5621DE4E87008B7455 /* Release */,
			);
			defaultConfigurationIsVisible = 0;
			defaultConfigurationName = Release;
		};
		ADF19D5721DE4E87008B7455 /* Build configuration list for PBXNativeTarget "PeopleSocialTests" */ = {
			isa = XCConfigurationList;
			buildConfigurations = (
				ADF19D5821DE4E87008B7455 /* Debug */,
				ADF19D5921DE4E87008B7455 /* Release */,
			);
			defaultConfigurationIsVisible = 0;
			defaultConfigurationName = Release;
		};
/* End XCConfigurationList section */
	};
	rootObject = ADF19D2F21DE4E85008B7455 /* Project object */;
}
